{
    "_readme": [
        "This file locks the dependencies of your project to a known state",
        "Read more about it at https://getcomposer.org/doc/01-basic-usage.md#installing-dependencies",
        "This file is @generated automatically"
    ],
    "content-hash": "a00a8fd31b47efefbe194340e8e68c41",
    "packages": [
        {
            "name": "komeiji-satori/curl",
            "version": "dev-master",
            "source": {
                "type": "git",
                "url": "https://github.com/komeiji-satori/curl.git",
                "reference": "8647a318d9cdde33f3a15a7d2c4c143e23cc372a"
            },
            "dist": {
                "type": "zip",
                "url": "https://api.github.com/repos/komeiji-satori/curl/zipball/8647a318d9cdde33f3a15a7d2c4c143e23cc372a",
                "reference": "8647a318d9cdde33f3a15a7d2c4c143e23cc372a",
                "shasum": "",
                "mirrors": [
                    {
                        "url": "https://dl.laravel-china.org/%package%/%reference%.%type%",
                        "preferred": true
                    }
                ]
            },
            "require": {
                "ext-curl": "*",
                "php": ">=5.6"
            },
            "type": "library",
            "autoload": {
                "files": [
                    "src/cURL.php"
                ]
            },
            "notification-url": "https://packagist.org/downloads/",
            "license": [
                "MIT"
            ],
            "authors": [
                {
                    "name": "Satori",
                    "email": "i@ttt.moe"
                }
            ],
            "description": "一个轻量级的PHP网络操作类，实现GET、POST、UPLOAD、DOWNLOAD常用操作，出错自动重试，支持链式写法",
            "homepage": "https://github.com/komeiji-satori/curl",
            "keywords": [
                "PHP cURL",
                "curl download",
                "curl library",
                "curl lightweight",
                "curl post",
                "curl upload"
            ],
            "time": "2018-11-16T15:50:55+00:00"
        }
    ],
    "packages-dev": [],
    "aliases": [],
    "minimum-stability": "stable",
    "stability-flags": {
        "komeiji-satori/curl": 20
    },
    "prefer-stable": false,
    "prefer-lowest": false,
    "platform": [],
    "platform-dev": []
}
